// !$*UTF8*$!
{
	archiveVersion = 1;
	classes = {
	};
	objectVersion = 56;
	objects = {

/* Begin PBXBuildFile section */
		089DDFEA2CA2B4B400576308 /* SearchReactor.swift in Sources */ = {isa = PBXBuildFile; fileRef = 089DDFE92CA2B4B400576308 /* SearchReactor.swift */; };
		0C4F477389ED5D773C29236E /* Pods_InstagramClone.framework in Frameworks */ = {isa = PBXBuildFile; fileRef = 88249C02BC4A16F7E24C08B0 /* Pods_InstagramClone.framework */; };
		DE341B252C8F1CCA00189845 /* GoogleService-Info.plist in Resources */ = {isa = PBXBuildFile; fileRef = DE341B242C8F1CCA00189845 /* GoogleService-Info.plist */; };
		DE341B272C8F1E4800189845 /* Assets.xcassets in Resources */ = {isa = PBXBuildFile; fileRef = DE341B262C8F1E4800189845 /* Assets.xcassets */; };
		DEB0F8CC2C97F253008C913A /* FeedReactor.swift in Sources */ = {isa = PBXBuildFile; fileRef = DEB0F8CB2C97F253008C913A /* FeedReactor.swift */; };
		DEB0F8CE2C9AD43C008C913A /* FeedCellReactor.swift in Sources */ = {isa = PBXBuildFile; fileRef = DEB0F8CD2C9AD43C008C913A /* FeedCellReactor.swift */; };
		DEB0F8D22C9E9C95008C913A /* CommentReactor.swift in Sources */ = {isa = PBXBuildFile; fileRef = DEB0F8D12C9E9C95008C913A /* CommentReactor.swift */; };
		DEB0F8D42C9EA389008C913A /* UserManager.swift in Sources */ = {isa = PBXBuildFile; fileRef = DEB0F8D32C9EA389008C913A /* UserManager.swift */; };
		DEC75D282C95717400C122C3 /* FirebaseError.swift in Sources */ = {isa = PBXBuildFile; fileRef = DEC75D272C95717400C122C3 /* FirebaseError.swift */; };
		DEC75D2C2C96997B00C122C3 /* LoginReactor.swift in Sources */ = {isa = PBXBuildFile; fileRef = DEC75D2B2C96997B00C122C3 /* LoginReactor.swift */; };
		DED4BC692C944E7400025C18 /* RegistrationReactor.swift in Sources */ = {isa = PBXBuildFile; fileRef = DED4BC682C944E7400025C18 /* RegistrationReactor.swift */; };
		F405C5272929DEE500100735 /* NotificationCell.swift in Sources */ = {isa = PBXBuildFile; fileRef = F405C5262929DEE500100735 /* NotificationCell.swift */; };
		F405C5292929E4AB00100735 /* Notification.swift in Sources */ = {isa = PBXBuildFile; fileRef = F405C5282929E4AB00100735 /* Notification.swift */; };
		F405C52B2929E79100100735 /* NotificationService.swift in Sources */ = {isa = PBXBuildFile; fileRef = F405C52A2929E79100100735 /* NotificationService.swift */; };
		F405C52D2929F7F800100735 /* NotificationViewModel.swift in Sources */ = {isa = PBXBuildFile; fileRef = F405C52C2929F7F800100735 /* NotificationViewModel.swift */; };
		F429E6D029239A0D0003103C /* UploadPostViewController.swift in Sources */ = {isa = PBXBuildFile; fileRef = F429E6CF29239A0D0003103C /* UploadPostViewController.swift */; };
		F4409CE72924F182006923B3 /* PostViewModel.swift in Sources */ = {isa = PBXBuildFile; fileRef = F4409CE62924F182006923B3 /* PostViewModel.swift */; };
		F460225A29266D5D000DE2D5 /* CommentViewController.swift in Sources */ = {isa = PBXBuildFile; fileRef = F460225929266D5D000DE2D5 /* CommentViewController.swift */; };
		F460225C29266EC5000DE2D5 /* CommentCell.swift in Sources */ = {isa = PBXBuildFile; fileRef = F460225B29266EC5000DE2D5 /* CommentCell.swift */; };
		F460225E292727CE000DE2D5 /* CommentInputAccesoryView.swift in Sources */ = {isa = PBXBuildFile; fileRef = F460225D292727CE000DE2D5 /* CommentInputAccesoryView.swift */; };
		F4602260292753A0000DE2D5 /* CommentService.swift in Sources */ = {isa = PBXBuildFile; fileRef = F460225F292753A0000DE2D5 /* CommentService.swift */; };
		F460226229275773000DE2D5 /* Comment.swift in Sources */ = {isa = PBXBuildFile; fileRef = F460226129275773000DE2D5 /* Comment.swift */; };
		F460226429275A37000DE2D5 /* CommentViewModel.swift in Sources */ = {isa = PBXBuildFile; fileRef = F460226329275A37000DE2D5 /* CommentViewModel.swift */; };
		F479D99429244B5C0059BA8B /* InputTextView.swift in Sources */ = {isa = PBXBuildFile; fileRef = F479D99329244B5C0059BA8B /* InputTextView.swift */; };
		F4B6DE75291CFFFD00A8FEA9 /* AppDelegate.swift in Sources */ = {isa = PBXBuildFile; fileRef = F4B6DE74291CFFFD00A8FEA9 /* AppDelegate.swift */; };
		F4B6DE77291CFFFD00A8FEA9 /* SceneDelegate.swift in Sources */ = {isa = PBXBuildFile; fileRef = F4B6DE76291CFFFD00A8FEA9 /* SceneDelegate.swift */; };
		F4B6DE79291CFFFD00A8FEA9 /* ViewController.swift in Sources */ = {isa = PBXBuildFile; fileRef = F4B6DE78291CFFFD00A8FEA9 /* ViewController.swift */; };
		F4B6DE7C291CFFFD00A8FEA9 /* Main.storyboard in Resources */ = {isa = PBXBuildFile; fileRef = F4B6DE7A291CFFFD00A8FEA9 /* Main.storyboard */; };
		F4B6DE81291CFFFF00A8FEA9 /* LaunchScreen.storyboard in Resources */ = {isa = PBXBuildFile; fileRef = F4B6DE7F291CFFFF00A8FEA9 /* LaunchScreen.storyboard */; };
		F4B6DE92291D02CC00A8FEA9 /* MainTabViewController.swift in Sources */ = {isa = PBXBuildFile; fileRef = F4B6DE91291D02CC00A8FEA9 /* MainTabViewController.swift */; };
		F4B6DE94291D04EE00A8FEA9 /* FeedViewController.swift in Sources */ = {isa = PBXBuildFile; fileRef = F4B6DE93291D04EE00A8FEA9 /* FeedViewController.swift */; };
		F4B6DE96291D04FD00A8FEA9 /* SearchViewController.swift in Sources */ = {isa = PBXBuildFile; fileRef = F4B6DE95291D04FD00A8FEA9 /* SearchViewController.swift */; };
		F4B6DE98291D053000A8FEA9 /* ImageSelectorViewController.swift in Sources */ = {isa = PBXBuildFile; fileRef = F4B6DE97291D053000A8FEA9 /* ImageSelectorViewController.swift */; };
		F4B6DE9A291D053E00A8FEA9 /* NotificationVIewContorller.swift in Sources */ = {isa = PBXBuildFile; fileRef = F4B6DE99291D053E00A8FEA9 /* NotificationVIewContorller.swift */; };
		F4B6DE9C291D054800A8FEA9 /* ProfileViewController.swift in Sources */ = {isa = PBXBuildFile; fileRef = F4B6DE9B291D054800A8FEA9 /* ProfileViewController.swift */; };
		F4B6DEA0291D14DB00A8FEA9 /* FeedCell.swift in Sources */ = {isa = PBXBuildFile; fileRef = F4B6DE9F291D14DB00A8FEA9 /* FeedCell.swift */; };
		F4B6DEA4291D20F600A8FEA9 /* Extensions.swift in Sources */ = {isa = PBXBuildFile; fileRef = F4B6DEA3291D20F600A8FEA9 /* Extensions.swift */; };
		F4D05CC0291DE8EC000C1C97 /* LoginViewController.swift in Sources */ = {isa = PBXBuildFile; fileRef = F4D05CBF291DE8EC000C1C97 /* LoginViewController.swift */; };
		F4D05CC2291DE907000C1C97 /* RegistrationViewController.swift in Sources */ = {isa = PBXBuildFile; fileRef = F4D05CC1291DE907000C1C97 /* RegistrationViewController.swift */; };
		F4D05CC4291DFCA3000C1C97 /* CustomTextField.swift in Sources */ = {isa = PBXBuildFile; fileRef = F4D05CC3291DFCA3000C1C97 /* CustomTextField.swift */; };
		F4D05CCA291F45A0000C1C97 /* ImageUploader.swift in Sources */ = {isa = PBXBuildFile; fileRef = F4D05CC9291F45A0000C1C97 /* ImageUploader.swift */; };
		F4D05CCC291F45A7000C1C97 /* AuthService.swift in Sources */ = {isa = PBXBuildFile; fileRef = F4D05CCB291F45A7000C1C97 /* AuthService.swift */; };
		F4D05CCE291F6696000C1C97 /* ProfileCell.swift in Sources */ = {isa = PBXBuildFile; fileRef = F4D05CCD291F6696000C1C97 /* ProfileCell.swift */; };
		F4D05CD1291F66B4000C1C97 /* ProfileHeader.swift in Sources */ = {isa = PBXBuildFile; fileRef = F4D05CD0291F66B4000C1C97 /* ProfileHeader.swift */; };
		F4D05CD3291FBE65000C1C97 /* UserService.swift in Sources */ = {isa = PBXBuildFile; fileRef = F4D05CD2291FBE65000C1C97 /* UserService.swift */; };
		F4D05CD5291FBEB2000C1C97 /* Constants.swift in Sources */ = {isa = PBXBuildFile; fileRef = F4D05CD4291FBEB2000C1C97 /* Constants.swift */; };
		F4D05CD7291FC10A000C1C97 /* User.swift in Sources */ = {isa = PBXBuildFile; fileRef = F4D05CD6291FC10A000C1C97 /* User.swift */; };
		F4D05CD92920C4EB000C1C97 /* ProfileHeaderViewModel.swift in Sources */ = {isa = PBXBuildFile; fileRef = F4D05CD82920C4EB000C1C97 /* ProfileHeaderViewModel.swift */; };
		F4D05CDB2920E098000C1C97 /* UserCell.swift in Sources */ = {isa = PBXBuildFile; fileRef = F4D05CDA2920E098000C1C97 /* UserCell.swift */; };
		F4D05CDD2920F268000C1C97 /* UserCellViewModel.swift in Sources */ = {isa = PBXBuildFile; fileRef = F4D05CDC2920F268000C1C97 /* UserCellViewModel.swift */; };
		F4E9F2332924DCBF00322206 /* PostService.swift in Sources */ = {isa = PBXBuildFile; fileRef = F4E9F2322924DCBF00322206 /* PostService.swift */; };
		F4E9F2352924EE5900322206 /* Post.swift in Sources */ = {isa = PBXBuildFile; fileRef = F4E9F2342924EE5900322206 /* Post.swift */; };
/* End PBXBuildFile section */

/* Begin PBXFileReference section */
		089DDFE92CA2B4B400576308 /* SearchReactor.swift */ = {isa = PBXFileReference; lastKnownFileType = sourcecode.swift; path = SearchReactor.swift; sourceTree = "<group>"; };
		88249C02BC4A16F7E24C08B0 /* Pods_InstagramClone.framework */ = {isa = PBXFileReference; explicitFileType = wrapper.framework; includeInIndex = 0; path = Pods_InstagramClone.framework; sourceTree = BUILT_PRODUCTS_DIR; };
		8AF635FECA680D0596C02A26 /* Pods-InstagramClone.release.xcconfig */ = {isa = PBXFileReference; includeInIndex = 1; lastKnownFileType = text.xcconfig; name = "Pods-InstagramClone.release.xcconfig"; path = "Target Support Files/Pods-InstagramClone/Pods-InstagramClone.release.xcconfig"; sourceTree = "<group>"; };
		C2BD051AFDB6D8E90D49FFBC /* Pods-InstagramClone.debug.xcconfig */ = {isa = PBXFileReference; includeInIndex = 1; lastKnownFileType = text.xcconfig; name = "Pods-InstagramClone.debug.xcconfig"; path = "Target Support Files/Pods-InstagramClone/Pods-InstagramClone.debug.xcconfig"; sourceTree = "<group>"; };
		DE341B242C8F1CCA00189845 /* GoogleService-Info.plist */ = {isa = PBXFileReference; fileEncoding = 4; lastKnownFileType = text.plist.xml; path = "GoogleService-Info.plist"; sourceTree = "<group>"; };
		DE341B262C8F1E4800189845 /* Assets.xcassets */ = {isa = PBXFileReference; lastKnownFileType = folder.assetcatalog; path = Assets.xcassets; sourceTree = "<group>"; };
		DEB0F8CB2C97F253008C913A /* FeedReactor.swift */ = {isa = PBXFileReference; lastKnownFileType = sourcecode.swift; path = FeedReactor.swift; sourceTree = "<group>"; };
		DEB0F8CD2C9AD43C008C913A /* FeedCellReactor.swift */ = {isa = PBXFileReference; lastKnownFileType = sourcecode.swift; path = FeedCellReactor.swift; sourceTree = "<group>"; };
		DEB0F8D12C9E9C95008C913A /* CommentReactor.swift */ = {isa = PBXFileReference; lastKnownFileType = sourcecode.swift; path = CommentReactor.swift; sourceTree = "<group>"; };
		DEB0F8D32C9EA389008C913A /* UserManager.swift */ = {isa = PBXFileReference; lastKnownFileType = sourcecode.swift; path = UserManager.swift; sourceTree = "<group>"; };
		DEC75D272C95717400C122C3 /* FirebaseError.swift */ = {isa = PBXFileReference; lastKnownFileType = sourcecode.swift; path = FirebaseError.swift; sourceTree = "<group>"; };
		DEC75D2B2C96997B00C122C3 /* LoginReactor.swift */ = {isa = PBXFileReference; lastKnownFileType = sourcecode.swift; path = LoginReactor.swift; sourceTree = "<group>"; };
		DED4BC682C944E7400025C18 /* RegistrationReactor.swift */ = {isa = PBXFileReference; lastKnownFileType = sourcecode.swift; path = RegistrationReactor.swift; sourceTree = "<group>"; };
		F405C5262929DEE500100735 /* NotificationCell.swift */ = {isa = PBXFileReference; lastKnownFileType = sourcecode.swift; path = NotificationCell.swift; sourceTree = "<group>"; };
		F405C5282929E4AB00100735 /* Notification.swift */ = {isa = PBXFileReference; lastKnownFileType = sourcecode.swift; path = Notification.swift; sourceTree = "<group>"; };
		F405C52A2929E79100100735 /* NotificationService.swift */ = {isa = PBXFileReference; lastKnownFileType = sourcecode.swift; path = NotificationService.swift; sourceTree = "<group>"; };
		F405C52C2929F7F800100735 /* NotificationViewModel.swift */ = {isa = PBXFileReference; lastKnownFileType = sourcecode.swift; path = NotificationViewModel.swift; sourceTree = "<group>"; };
		F429E6CF29239A0D0003103C /* UploadPostViewController.swift */ = {isa = PBXFileReference; lastKnownFileType = sourcecode.swift; path = UploadPostViewController.swift; sourceTree = "<group>"; };
		F4409CE62924F182006923B3 /* PostViewModel.swift */ = {isa = PBXFileReference; lastKnownFileType = sourcecode.swift; path = PostViewModel.swift; sourceTree = "<group>"; };
		F460225929266D5D000DE2D5 /* CommentViewController.swift */ = {isa = PBXFileReference; lastKnownFileType = sourcecode.swift; path = CommentViewController.swift; sourceTree = "<group>"; };
		F460225B29266EC5000DE2D5 /* CommentCell.swift */ = {isa = PBXFileReference; lastKnownFileType = sourcecode.swift; path = CommentCell.swift; sourceTree = "<group>"; };
		F460225D292727CE000DE2D5 /* CommentInputAccesoryView.swift */ = {isa = PBXFileReference; lastKnownFileType = sourcecode.swift; path = CommentInputAccesoryView.swift; sourceTree = "<group>"; };
		F460225F292753A0000DE2D5 /* CommentService.swift */ = {isa = PBXFileReference; lastKnownFileType = sourcecode.swift; path = CommentService.swift; sourceTree = "<group>"; };
		F460226129275773000DE2D5 /* Comment.swift */ = {isa = PBXFileReference; lastKnownFileType = sourcecode.swift; path = Comment.swift; sourceTree = "<group>"; };
		F460226329275A37000DE2D5 /* CommentViewModel.swift */ = {isa = PBXFileReference; lastKnownFileType = sourcecode.swift; path = CommentViewModel.swift; sourceTree = "<group>"; };
		F479D99329244B5C0059BA8B /* InputTextView.swift */ = {isa = PBXFileReference; lastKnownFileType = sourcecode.swift; path = InputTextView.swift; sourceTree = "<group>"; };
		F4B6DE71291CFFFD00A8FEA9 /* InstagramClone.app */ = {isa = PBXFileReference; explicitFileType = wrapper.application; includeInIndex = 0; path = InstagramClone.app; sourceTree = BUILT_PRODUCTS_DIR; };
		F4B6DE74291CFFFD00A8FEA9 /* AppDelegate.swift */ = {isa = PBXFileReference; lastKnownFileType = sourcecode.swift; path = AppDelegate.swift; sourceTree = "<group>"; };
		F4B6DE76291CFFFD00A8FEA9 /* SceneDelegate.swift */ = {isa = PBXFileReference; lastKnownFileType = sourcecode.swift; path = SceneDelegate.swift; sourceTree = "<group>"; };
		F4B6DE78291CFFFD00A8FEA9 /* ViewController.swift */ = {isa = PBXFileReference; lastKnownFileType = sourcecode.swift; path = ViewController.swift; sourceTree = "<group>"; };
		F4B6DE7B291CFFFD00A8FEA9 /* Base */ = {isa = PBXFileReference; lastKnownFileType = file.storyboard; name = Base; path = Base.lproj/Main.storyboard; sourceTree = "<group>"; };
		F4B6DE80291CFFFF00A8FEA9 /* Base */ = {isa = PBXFileReference; lastKnownFileType = file.storyboard; name = Base; path = Base.lproj/LaunchScreen.storyboard; sourceTree = "<group>"; };
		F4B6DE82291CFFFF00A8FEA9 /* Info.plist */ = {isa = PBXFileReference; lastKnownFileType = text.plist.xml; path = Info.plist; sourceTree = "<group>"; };
		F4B6DE91291D02CC00A8FEA9 /* MainTabViewController.swift */ = {isa = PBXFileReference; lastKnownFileType = sourcecode.swift; path = MainTabViewController.swift; sourceTree = "<group>"; };
		F4B6DE93291D04EE00A8FEA9 /* FeedViewController.swift */ = {isa = PBXFileReference; lastKnownFileType = sourcecode.swift; path = FeedViewController.swift; sourceTree = "<group>"; };
		F4B6DE95291D04FD00A8FEA9 /* SearchViewController.swift */ = {isa = PBXFileReference; lastKnownFileType = sourcecode.swift; path = SearchViewController.swift; sourceTree = "<group>"; };
		F4B6DE97291D053000A8FEA9 /* ImageSelectorViewController.swift */ = {isa = PBXFileReference; lastKnownFileType = sourcecode.swift; path = ImageSelectorViewController.swift; sourceTree = "<group>"; };
		F4B6DE99291D053E00A8FEA9 /* NotificationVIewContorller.swift */ = {isa = PBXFileReference; lastKnownFileType = sourcecode.swift; path = NotificationVIewContorller.swift; sourceTree = "<group>"; };
		F4B6DE9B291D054800A8FEA9 /* ProfileViewController.swift */ = {isa = PBXFileReference; lastKnownFileType = sourcecode.swift; path = ProfileViewController.swift; sourceTree = "<group>"; };
		F4B6DE9F291D14DB00A8FEA9 /* FeedCell.swift */ = {isa = PBXFileReference; lastKnownFileType = sourcecode.swift; path = FeedCell.swift; sourceTree = "<group>"; };
		F4B6DEA3291D20F600A8FEA9 /* Extensions.swift */ = {isa = PBXFileReference; fileEncoding = 4; lastKnownFileType = sourcecode.swift; path = Extensions.swift; sourceTree = "<group>"; };
		F4D05CBF291DE8EC000C1C97 /* LoginViewController.swift */ = {isa = PBXFileReference; lastKnownFileType = sourcecode.swift; path = LoginViewController.swift; sourceTree = "<group>"; };
		F4D05CC1291DE907000C1C97 /* RegistrationViewController.swift */ = {isa = PBXFileReference; lastKnownFileType = sourcecode.swift; path = RegistrationViewController.swift; sourceTree = "<group>"; };
		F4D05CC3291DFCA3000C1C97 /* CustomTextField.swift */ = {isa = PBXFileReference; lastKnownFileType = sourcecode.swift; path = CustomTextField.swift; sourceTree = "<group>"; };
		F4D05CC9291F45A0000C1C97 /* ImageUploader.swift */ = {isa = PBXFileReference; lastKnownFileType = sourcecode.swift; path = ImageUploader.swift; sourceTree = "<group>"; };
		F4D05CCB291F45A7000C1C97 /* AuthService.swift */ = {isa = PBXFileReference; lastKnownFileType = sourcecode.swift; path = AuthService.swift; sourceTree = "<group>"; };
		F4D05CCD291F6696000C1C97 /* ProfileCell.swift */ = {isa = PBXFileReference; lastKnownFileType = sourcecode.swift; path = ProfileCell.swift; sourceTree = "<group>"; };
		F4D05CD0291F66B4000C1C97 /* ProfileHeader.swift */ = {isa = PBXFileReference; lastKnownFileType = sourcecode.swift; path = ProfileHeader.swift; sourceTree = "<group>"; };
		F4D05CD2291FBE65000C1C97 /* UserService.swift */ = {isa = PBXFileReference; lastKnownFileType = sourcecode.swift; path = UserService.swift; sourceTree = "<group>"; };
		F4D05CD4291FBEB2000C1C97 /* Constants.swift */ = {isa = PBXFileReference; lastKnownFileType = sourcecode.swift; path = Constants.swift; sourceTree = "<group>"; };
		F4D05CD6291FC10A000C1C97 /* User.swift */ = {isa = PBXFileReference; lastKnownFileType = sourcecode.swift; path = User.swift; sourceTree = "<group>"; };
		F4D05CD82920C4EB000C1C97 /* ProfileHeaderViewModel.swift */ = {isa = PBXFileReference; lastKnownFileType = sourcecode.swift; path = ProfileHeaderViewModel.swift; sourceTree = "<group>"; };
		F4D05CDA2920E098000C1C97 /* UserCell.swift */ = {isa = PBXFileReference; lastKnownFileType = sourcecode.swift; path = UserCell.swift; sourceTree = "<group>"; };
		F4D05CDC2920F268000C1C97 /* UserCellViewModel.swift */ = {isa = PBXFileReference; lastKnownFileType = sourcecode.swift; path = UserCellViewModel.swift; sourceTree = "<group>"; };
		F4E9F2322924DCBF00322206 /* PostService.swift */ = {isa = PBXFileReference; lastKnownFileType = sourcecode.swift; path = PostService.swift; sourceTree = "<group>"; };
		F4E9F2342924EE5900322206 /* Post.swift */ = {isa = PBXFileReference; lastKnownFileType = sourcecode.swift; path = Post.swift; sourceTree = "<group>"; };
/* End PBXFileReference section */

/* Begin PBXFrameworksBuildPhase section */
		F4B6DE6E291CFFFD00A8FEA9 /* Frameworks */ = {
			isa = PBXFrameworksBuildPhase;
			buildActionMask = 2147483647;
			files = (
				0C4F477389ED5D773C29236E /* Pods_InstagramClone.framework in Frameworks */,
			);
			runOnlyForDeploymentPostprocessing = 0;
		};
/* End PBXFrameworksBuildPhase section */

/* Begin PBXGroup section */
		089DDFE72CA2B47D00576308 /* Search */ = {
			isa = PBXGroup;
			children = (
				F4B6DE95291D04FD00A8FEA9 /* SearchViewController.swift */,
			);
			path = Search;
			sourceTree = "<group>";
		};
		089DDFE82CA2B49300576308 /* Search */ = {
			isa = PBXGroup;
			children = (
				089DDFE92CA2B4B400576308 /* SearchReactor.swift */,
			);
			path = Search;
			sourceTree = "<group>";
		};
		A815A34EC9F8C7B336435594 /* Pods */ = {
			isa = PBXGroup;
			children = (
				C2BD051AFDB6D8E90D49FFBC /* Pods-InstagramClone.debug.xcconfig */,
				8AF635FECA680D0596C02A26 /* Pods-InstagramClone.release.xcconfig */,
			);
			path = Pods;
			sourceTree = "<group>";
		};
		ACF1943CDBF55C81088C497B /* Frameworks */ = {
			isa = PBXGroup;
			children = (
				88249C02BC4A16F7E24C08B0 /* Pods_InstagramClone.framework */,
			);
			name = Frameworks;
			sourceTree = "<group>";
		};
		DEB0F8C92C97F22D008C913A /* Feed */ = {
			isa = PBXGroup;
			children = (
				F4B6DE93291D04EE00A8FEA9 /* FeedViewController.swift */,
				F460225929266D5D000DE2D5 /* CommentViewController.swift */,
			);
			path = Feed;
			sourceTree = "<group>";
		};
		DEB0F8CA2C97F247008C913A /* Feed */ = {
			isa = PBXGroup;
			children = (
				DEB0F8CB2C97F253008C913A /* FeedReactor.swift */,
				DEB0F8CD2C9AD43C008C913A /* FeedCellReactor.swift */,
				DEB0F8D12C9E9C95008C913A /* CommentReactor.swift */,
			);
			path = Feed;
			sourceTree = "<group>";
		};
		DED4BC662C944E5600025C18 /* Reactor */ = {
			isa = PBXGroup;
			children = (
				DED4BC672C944E6800025C18 /* Auth */,
				DEB0F8CA2C97F247008C913A /* Feed */,
				089DDFE82CA2B49300576308 /* Search */,
			);
			path = Reactor;
			sourceTree = "<group>";
		};
		DED4BC672C944E6800025C18 /* Auth */ = {
			isa = PBXGroup;
			children = (
				DED4BC682C944E7400025C18 /* RegistrationReactor.swift */,
				DEC75D2B2C96997B00C122C3 /* LoginReactor.swift */,
			);
			path = Auth;
			sourceTree = "<group>";
		};
		F4B6DE68291CFFFD00A8FEA9 = {
			isa = PBXGroup;
			children = (
				F4B6DE73291CFFFD00A8FEA9 /* InstagramClone */,
				F4B6DE72291CFFFD00A8FEA9 /* Products */,
				A815A34EC9F8C7B336435594 /* Pods */,
				ACF1943CDBF55C81088C497B /* Frameworks */,
			);
			sourceTree = "<group>";
		};
		F4B6DE72291CFFFD00A8FEA9 /* Products */ = {
			isa = PBXGroup;
			children = (
				F4B6DE71291CFFFD00A8FEA9 /* InstagramClone.app */,
			);
			name = Products;
			sourceTree = "<group>";
		};
		F4B6DE73291CFFFD00A8FEA9 /* InstagramClone */ = {
			isa = PBXGroup;
			children = (
				F4B6DE90291D005600A8FEA9 /* Model */,
				F4B6DE8F291D005200A8FEA9 /* Views */,
				F4B6DE8A291D003E00A8FEA9 /* ViewControllers */,
				DED4BC662C944E5600025C18 /* Reactor */,
				F4B6DE8E291D005000A8FEA9 /* ViewModel */,
				F4B6DE89291D003B00A8FEA9 /* API */,
				F4B6DE88291D002900A8FEA9 /* Utils */,
				F4B6DE74291CFFFD00A8FEA9 /* AppDelegate.swift */,
				F4B6DE76291CFFFD00A8FEA9 /* SceneDelegate.swift */,
				F4B6DE78291CFFFD00A8FEA9 /* ViewController.swift */,
				F4B6DE7A291CFFFD00A8FEA9 /* Main.storyboard */,
				F4B6DE7F291CFFFF00A8FEA9 /* LaunchScreen.storyboard */,
				DE341B242C8F1CCA00189845 /* GoogleService-Info.plist */,
				F4B6DE82291CFFFF00A8FEA9 /* Info.plist */,
				DE341B262C8F1E4800189845 /* Assets.xcassets */,
			);
			path = InstagramClone;
			sourceTree = "<group>";
		};
		F4B6DE88291D002900A8FEA9 /* Utils */ = {
			isa = PBXGroup;
			children = (
				F4B6DEA3291D20F600A8FEA9 /* Extensions.swift */,
				F4D05CD4291FBEB2000C1C97 /* Constants.swift */,
				F479D99329244B5C0059BA8B /* InputTextView.swift */,
				DEC75D272C95717400C122C3 /* FirebaseError.swift */,
				DEB0F8D32C9EA389008C913A /* UserManager.swift */,
			);
			path = Utils;
			sourceTree = "<group>";
		};
		F4B6DE89291D003B00A8FEA9 /* API */ = {
			isa = PBXGroup;
			children = (
				F4D05CC9291F45A0000C1C97 /* ImageUploader.swift */,
				F4D05CCB291F45A7000C1C97 /* AuthService.swift */,
				F4D05CD2291FBE65000C1C97 /* UserService.swift */,
				F4E9F2322924DCBF00322206 /* PostService.swift */,
				F460225F292753A0000DE2D5 /* CommentService.swift */,
				F405C52A2929E79100100735 /* NotificationService.swift */,
			);
			path = API;
			sourceTree = "<group>";
		};
		F4B6DE8A291D003E00A8FEA9 /* ViewControllers */ = {
			isa = PBXGroup;
			children = (
				F4B6DE91291D02CC00A8FEA9 /* MainTabViewController.swift */,
				F4B6DEA5291DE8B500A8FEA9 /* Auth */,
				DEB0F8C92C97F22D008C913A /* Feed */,
				089DDFE72CA2B47D00576308 /* Search */,
				F4B6DE97291D053000A8FEA9 /* ImageSelectorViewController.swift */,
				F4B6DE99291D053E00A8FEA9 /* NotificationVIewContorller.swift */,
				F4B6DE9B291D054800A8FEA9 /* ProfileViewController.swift */,
				F429E6CF29239A0D0003103C /* UploadPostViewController.swift */,
			);
			path = ViewControllers;
			sourceTree = "<group>";
		};
		F4B6DE8E291D005000A8FEA9 /* ViewModel */ = {
			isa = PBXGroup;
			children = (
				F4D05CD82920C4EB000C1C97 /* ProfileHeaderViewModel.swift */,
				F4D05CDC2920F268000C1C97 /* UserCellViewModel.swift */,
				F4409CE62924F182006923B3 /* PostViewModel.swift */,
				F460226329275A37000DE2D5 /* CommentViewModel.swift */,
				F405C52C2929F7F800100735 /* NotificationViewModel.swift */,
			);
			path = ViewModel;
			sourceTree = "<group>";
		};
		F4B6DE8F291D005200A8FEA9 /* Views */ = {
			isa = PBXGroup;
			children = (
				F4D05CCF291F669F000C1C97 /* Profile */,
				F4B6DE9F291D14DB00A8FEA9 /* FeedCell.swift */,
				F4D05CC3291DFCA3000C1C97 /* CustomTextField.swift */,
				F4D05CDA2920E098000C1C97 /* UserCell.swift */,
				F460225B29266EC5000DE2D5 /* CommentCell.swift */,
				F460225D292727CE000DE2D5 /* CommentInputAccesoryView.swift */,
				F405C5262929DEE500100735 /* NotificationCell.swift */,
			);
			path = Views;
			sourceTree = "<group>";
		};
		F4B6DE90291D005600A8FEA9 /* Model */ = {
			isa = PBXGroup;
			children = (
				F4D05CD6291FC10A000C1C97 /* User.swift */,
				F4E9F2342924EE5900322206 /* Post.swift */,
				F460226129275773000DE2D5 /* Comment.swift */,
				F405C5282929E4AB00100735 /* Notification.swift */,
			);
			path = Model;
			sourceTree = "<group>";
		};
		F4B6DEA5291DE8B500A8FEA9 /* Auth */ = {
			isa = PBXGroup;
			children = (
				F4D05CBF291DE8EC000C1C97 /* LoginViewController.swift */,
				F4D05CC1291DE907000C1C97 /* RegistrationViewController.swift */,
			);
			path = Auth;
			sourceTree = "<group>";
		};
		F4D05CCF291F669F000C1C97 /* Profile */ = {
			isa = PBXGroup;
			children = (
				F4D05CCD291F6696000C1C97 /* ProfileCell.swift */,
				F4D05CD0291F66B4000C1C97 /* ProfileHeader.swift */,
			);
			path = Profile;
			sourceTree = "<group>";
		};
/* End PBXGroup section */

/* Begin PBXNativeTarget section */
		F4B6DE70291CFFFD00A8FEA9 /* InstagramClone */ = {
			isa = PBXNativeTarget;
			buildConfigurationList = F4B6DE85291CFFFF00A8FEA9 /* Build configuration list for PBXNativeTarget "InstagramClone" */;
			buildPhases = (
				8AF279FE53EB34101E702BC4 /* [CP] Check Pods Manifest.lock */,
				F4B6DE6D291CFFFD00A8FEA9 /* Sources */,
				F4B6DE6E291CFFFD00A8FEA9 /* Frameworks */,
				F4B6DE6F291CFFFD00A8FEA9 /* Resources */,
				54376E115CAD562D9D0796DD /* [CP] Embed Pods Frameworks */,
			);
			buildRules = (
			);
			dependencies = (
			);
			name = InstagramClone;
			productName = InstagramClone;
			productReference = F4B6DE71291CFFFD00A8FEA9 /* InstagramClone.app */;
			productType = "com.apple.product-type.application";
		};
/* End PBXNativeTarget section */

/* Begin PBXProject section */
		F4B6DE69291CFFFD00A8FEA9 /* Project object */ = {
			isa = PBXProject;
			attributes = {
				BuildIndependentTargetsInParallel = 1;
				LastSwiftUpdateCheck = 1410;
				LastUpgradeCheck = 1410;
				TargetAttributes = {
					F4B6DE70291CFFFD00A8FEA9 = {
						CreatedOnToolsVersion = 14.1;
					};
				};
			};
			buildConfigurationList = F4B6DE6C291CFFFD00A8FEA9 /* Build configuration list for PBXProject "InstagramClone" */;
			compatibilityVersion = "Xcode 14.0";
			developmentRegion = en;
			hasScannedForEncodings = 0;
			knownRegions = (
				en,
				Base,
			);
			mainGroup = F4B6DE68291CFFFD00A8FEA9;
			productRefGroup = F4B6DE72291CFFFD00A8FEA9 /* Products */;
			projectDirPath = "";
			projectRoot = "";
			targets = (
				F4B6DE70291CFFFD00A8FEA9 /* InstagramClone */,
			);
		};
/* End PBXProject section */

/* Begin PBXResourcesBuildPhase section */
		F4B6DE6F291CFFFD00A8FEA9 /* Resources */ = {
			isa = PBXResourcesBuildPhase;
			buildActionMask = 2147483647;
			files = (
				F4B6DE81291CFFFF00A8FEA9 /* LaunchScreen.storyboard in Resources */,
				DE341B252C8F1CCA00189845 /* GoogleService-Info.plist in Resources */,
				DE341B272C8F1E4800189845 /* Assets.xcassets in Resources */,
				F4B6DE7C291CFFFD00A8FEA9 /* Main.storyboard in Resources */,
			);
			runOnlyForDeploymentPostprocessing = 0;
		};
/* End PBXResourcesBuildPhase section */

/* Begin PBXShellScriptBuildPhase section */
		54376E115CAD562D9D0796DD /* [CP] Embed Pods Frameworks */ = {
			isa = PBXShellScriptBuildPhase;
			buildActionMask = 2147483647;
			files = (
			);
			inputFileListPaths = (
				"${PODS_ROOT}/Target Support Files/Pods-InstagramClone/Pods-InstagramClone-frameworks-${CONFIGURATION}-input-files.xcfilelist",
			);
			name = "[CP] Embed Pods Frameworks";
			outputFileListPaths = (
				"${PODS_ROOT}/Target Support Files/Pods-InstagramClone/Pods-InstagramClone-frameworks-${CONFIGURATION}-output-files.xcfilelist",
			);
			runOnlyForDeploymentPostprocessing = 0;
			shellPath = /bin/sh;
			shellScript = "\"${PODS_ROOT}/Target Support Files/Pods-InstagramClone/Pods-InstagramClone-frameworks.sh\"\n";
			showEnvVarsInLog = 0;
		};
		8AF279FE53EB34101E702BC4 /* [CP] Check Pods Manifest.lock */ = {
			isa = PBXShellScriptBuildPhase;
			buildActionMask = 2147483647;
			files = (
			);
			inputFileListPaths = (
			);
			inputPaths = (
				"${PODS_PODFILE_DIR_PATH}/Podfile.lock",
				"${PODS_ROOT}/Manifest.lock",
			);
			name = "[CP] Check Pods Manifest.lock";
			outputFileListPaths = (
			);
			outputPaths = (
				"$(DERIVED_FILE_DIR)/Pods-InstagramClone-checkManifestLockResult.txt",
			);
			runOnlyForDeploymentPostprocessing = 0;
			shellPath = /bin/sh;
			shellScript = "diff \"${PODS_PODFILE_DIR_PATH}/Podfile.lock\" \"${PODS_ROOT}/Manifest.lock\" > /dev/null\nif [ $? != 0 ] ; then\n    # print error to STDERR\n    echo \"error: The sandbox is not in sync with the Podfile.lock. Run 'pod install' or update your CocoaPods installation.\" >&2\n    exit 1\nfi\n# This output is used by Xcode 'outputs' to avoid re-running this script phase.\necho \"SUCCESS\" > \"${SCRIPT_OUTPUT_FILE_0}\"\n";
			showEnvVarsInLog = 0;
		};
/* End PBXShellScriptBuildPhase section */

/* Begin PBXSourcesBuildPhase section */
		F4B6DE6D291CFFFD00A8FEA9 /* Sources */ = {
			isa = PBXSourcesBuildPhase;
			buildActionMask = 2147483647;
			files = (
				F460226429275A37000DE2D5 /* CommentViewModel.swift in Sources */,
				F405C52D2929F7F800100735 /* NotificationViewModel.swift in Sources */,
				F4409CE72924F182006923B3 /* PostViewModel.swift in Sources */,
				F4D05CC4291DFCA3000C1C97 /* CustomTextField.swift in Sources */,
				F4D05CD1291F66B4000C1C97 /* ProfileHeader.swift in Sources */,
				F429E6D029239A0D0003103C /* UploadPostViewController.swift in Sources */,
				DEC75D282C95717400C122C3 /* FirebaseError.swift in Sources */,
				089DDFEA2CA2B4B400576308 /* SearchReactor.swift in Sources */,
				F4D05CC0291DE8EC000C1C97 /* LoginViewController.swift in Sources */,
				F4B6DE96291D04FD00A8FEA9 /* SearchViewController.swift in Sources */,
				F4B6DEA0291D14DB00A8FEA9 /* FeedCell.swift in Sources */,
				F4B6DE79291CFFFD00A8FEA9 /* ViewController.swift in Sources */,
				F4D05CC2291DE907000C1C97 /* RegistrationViewController.swift in Sources */,
				F4602260292753A0000DE2D5 /* CommentService.swift in Sources */,
				F460226229275773000DE2D5 /* Comment.swift in Sources */,
				F405C5292929E4AB00100735 /* Notification.swift in Sources */,
				F4D05CDB2920E098000C1C97 /* UserCell.swift in Sources */,
				F4B6DE9A291D053E00A8FEA9 /* NotificationVIewContorller.swift in Sources */,
				F4B6DE75291CFFFD00A8FEA9 /* AppDelegate.swift in Sources */,
				F4D05CD7291FC10A000C1C97 /* User.swift in Sources */,
				F4B6DE94291D04EE00A8FEA9 /* FeedViewController.swift in Sources */,
				DEB0F8CE2C9AD43C008C913A /* FeedCellReactor.swift in Sources */,
				F4D05CD92920C4EB000C1C97 /* ProfileHeaderViewModel.swift in Sources */,
				DEB0F8D22C9E9C95008C913A /* CommentReactor.swift in Sources */,
				F479D99429244B5C0059BA8B /* InputTextView.swift in Sources */,
				F4D05CD5291FBEB2000C1C97 /* Constants.swift in Sources */,
				F4B6DE98291D053000A8FEA9 /* ImageSelectorViewController.swift in Sources */,
				F4D05CDD2920F268000C1C97 /* UserCellViewModel.swift in Sources */,
				F4B6DE9C291D054800A8FEA9 /* ProfileViewController.swift in Sources */,
				F4B6DE92291D02CC00A8FEA9 /* MainTabViewController.swift in Sources */,
				F460225A29266D5D000DE2D5 /* CommentViewController.swift in Sources */,
				DEB0F8D42C9EA389008C913A /* UserManager.swift in Sources */,
				F4D05CCA291F45A0000C1C97 /* ImageUploader.swift in Sources */,
				F405C52B2929E79100100735 /* NotificationService.swift in Sources */,
				F4E9F2352924EE5900322206 /* Post.swift in Sources */,
				F4D05CCC291F45A7000C1C97 /* AuthService.swift in Sources */,
				F460225E292727CE000DE2D5 /* CommentInputAccesoryView.swift in Sources */,
				F4E9F2332924DCBF00322206 /* PostService.swift in Sources */,
				DEB0F8CC2C97F253008C913A /* FeedReactor.swift in Sources */,
				F4D05CD3291FBE65000C1C97 /* UserService.swift in Sources */,
				DEC75D2C2C96997B00C122C3 /* LoginReactor.swift in Sources */,
				F4D05CCE291F6696000C1C97 /* ProfileCell.swift in Sources */,
				DED4BC692C944E7400025C18 /* RegistrationReactor.swift in Sources */,
				F4B6DEA4291D20F600A8FEA9 /* Extensions.swift in Sources */,
				F405C5272929DEE500100735 /* NotificationCell.swift in Sources */,
				F4B6DE77291CFFFD00A8FEA9 /* SceneDelegate.swift in Sources */,
				F460225C29266EC5000DE2D5 /* CommentCell.swift in Sources */,
			);
			runOnlyForDeploymentPostprocessing = 0;
		};
/* End PBXSourcesBuildPhase section */

/* Begin PBXVariantGroup section */
		F4B6DE7A291CFFFD00A8FEA9 /* Main.storyboard */ = {
			isa = PBXVariantGroup;
			children = (
				F4B6DE7B291CFFFD00A8FEA9 /* Base */,
			);
			name = Main.storyboard;
			sourceTree = "<group>";
		};
		F4B6DE7F291CFFFF00A8FEA9 /* LaunchScreen.storyboard */ = {
			isa = PBXVariantGroup;
			children = (
				F4B6DE80291CFFFF00A8FEA9 /* Base */,
			);
			name = LaunchScreen.storyboard;
			sourceTree = "<group>";
		};
/* End PBXVariantGroup section */

/* Begin XCBuildConfiguration section */
		F4B6DE83291CFFFF00A8FEA9 /* Debug */ = {
			isa = XCBuildConfiguration;
			buildSettings = {
				ALWAYS_SEARCH_USER_PATHS = NO;
				CLANG_ANALYZER_NONNULL = YES;
				CLANG_ANALYZER_NUMBER_OBJECT_CONVERSION = YES_AGGRESSIVE;
				CLANG_CXX_LANGUAGE_STANDARD = "gnu++20";
				CLANG_ENABLE_MODULES = YES;
				CLANG_ENABLE_OBJC_ARC = YES;
				CLANG_ENABLE_OBJC_WEAK = YES;
				CLANG_WARN_BLOCK_CAPTURE_AUTORELEASING = YES;
				CLANG_WARN_BOOL_CONVERSION = YES;
				CLANG_WARN_COMMA = YES;
				CLANG_WARN_CONSTANT_CONVERSION = YES;
				CLANG_WARN_DEPRECATED_OBJC_IMPLEMENTATIONS = YES;
				CLANG_WARN_DIRECT_OBJC_ISA_USAGE = YES_ERROR;
				CLANG_WARN_DOCUMENTATION_COMMENTS = YES;
				CLANG_WARN_EMPTY_BODY = YES;
				CLANG_WARN_ENUM_CONVERSION = YES;
				CLANG_WARN_INFINITE_RECURSION = YES;
				CLANG_WARN_INT_CONVERSION = YES;
				CLANG_WARN_NON_LITERAL_NULL_CONVERSION = YES;
				CLANG_WARN_OBJC_IMPLICIT_RETAIN_SELF = YES;
				CLANG_WARN_OBJC_LITERAL_CONVERSION = YES;
				CLANG_WARN_OBJC_ROOT_CLASS = YES_ERROR;
				CLANG_WARN_QUOTED_INCLUDE_IN_FRAMEWORK_HEADER = YES;
				CLANG_WARN_RANGE_LOOP_ANALYSIS = YES;
				CLANG_WARN_STRICT_PROTOTYPES = YES;
				CLANG_WARN_SUSPICIOUS_MOVE = YES;
				CLANG_WARN_UNGUARDED_AVAILABILITY = YES_AGGRESSIVE;
				CLANG_WARN_UNREACHABLE_CODE = YES;
				CLANG_WARN__DUPLICATE_METHOD_MATCH = YES;
				COPY_PHASE_STRIP = NO;
				DEBUG_INFORMATION_FORMAT = dwarf;
				ENABLE_STRICT_OBJC_MSGSEND = YES;
				ENABLE_TESTABILITY = YES;
				GCC_C_LANGUAGE_STANDARD = gnu11;
				GCC_DYNAMIC_NO_PIC = NO;
				GCC_NO_COMMON_BLOCKS = YES;
				GCC_OPTIMIZATION_LEVEL = 0;
				GCC_PREPROCESSOR_DEFINITIONS = (
					"DEBUG=1",
					"$(inherited)",
				);
				GCC_WARN_64_TO_32_BIT_CONVERSION = YES;
				GCC_WARN_ABOUT_RETURN_TYPE = YES_ERROR;
				GCC_WARN_UNDECLARED_SELECTOR = YES;
				GCC_WARN_UNINITIALIZED_AUTOS = YES_AGGRESSIVE;
				GCC_WARN_UNUSED_FUNCTION = YES;
				GCC_WARN_UNUSED_VARIABLE = YES;
				IPHONEOS_DEPLOYMENT_TARGET = 15.0;
				MTL_ENABLE_DEBUG_INFO = INCLUDE_SOURCE;
				MTL_FAST_MATH = YES;
				ONLY_ACTIVE_ARCH = YES;
				SDKROOT = iphoneos;
				SWIFT_ACTIVE_COMPILATION_CONDITIONS = DEBUG;
				SWIFT_OPTIMIZATION_LEVEL = "-Onone";
			};
			name = Debug;
		};
		F4B6DE84291CFFFF00A8FEA9 /* Release */ = {
			isa = XCBuildConfiguration;
			buildSettings = {
				ALWAYS_SEARCH_USER_PATHS = NO;
				CLANG_ANALYZER_NONNULL = YES;
				CLANG_ANALYZER_NUMBER_OBJECT_CONVERSION = YES_AGGRESSIVE;
				CLANG_CXX_LANGUAGE_STANDARD = "gnu++20";
				CLANG_ENABLE_MODULES = YES;
				CLANG_ENABLE_OBJC_ARC = YES;
				CLANG_ENABLE_OBJC_WEAK = YES;
				CLANG_WARN_BLOCK_CAPTURE_AUTORELEASING = YES;
				CLANG_WARN_BOOL_CONVERSION = YES;
				CLANG_WARN_COMMA = YES;
				CLANG_WARN_CONSTANT_CONVERSION = YES;
				CLANG_WARN_DEPRECATED_OBJC_IMPLEMENTATIONS = YES;
				CLANG_WARN_DIRECT_OBJC_ISA_USAGE = YES_ERROR;
				CLANG_WARN_DOCUMENTATION_COMMENTS = YES;
				CLANG_WARN_EMPTY_BODY = YES;
				CLANG_WARN_ENUM_CONVERSION = YES;
				CLANG_WARN_INFINITE_RECURSION = YES;
				CLANG_WARN_INT_CONVERSION = YES;
				CLANG_WARN_NON_LITERAL_NULL_CONVERSION = YES;
				CLANG_WARN_OBJC_IMPLICIT_RETAIN_SELF = YES;
				CLANG_WARN_OBJC_LITERAL_CONVERSION = YES;
				CLANG_WARN_OBJC_ROOT_CLASS = YES_ERROR;
				CLANG_WARN_QUOTED_INCLUDE_IN_FRAMEWORK_HEADER = YES;
				CLANG_WARN_RANGE_LOOP_ANALYSIS = YES;
				CLANG_WARN_STRICT_PROTOTYPES = YES;
				CLANG_WARN_SUSPICIOUS_MOVE = YES;
				CLANG_WARN_UNGUARDED_AVAILABILITY = YES_AGGRESSIVE;
				CLANG_WARN_UNREACHABLE_CODE = YES;
				CLANG_WARN__DUPLICATE_METHOD_MATCH = YES;
				COPY_PHASE_STRIP = NO;
				DEBUG_INFORMATION_FORMAT = "dwarf-with-dsym";
				ENABLE_NS_ASSERTIONS = NO;
				ENABLE_STRICT_OBJC_MSGSEND = YES;
				GCC_C_LANGUAGE_STANDARD = gnu11;
				GCC_NO_COMMON_BLOCKS = YES;
				GCC_WARN_64_TO_32_BIT_CONVERSION = YES;
				GCC_WARN_ABOUT_RETURN_TYPE = YES_ERROR;
				GCC_WARN_UNDECLARED_SELECTOR = YES;
				GCC_WARN_UNINITIALIZED_AUTOS = YES_AGGRESSIVE;
				GCC_WARN_UNUSED_FUNCTION = YES;
				GCC_WARN_UNUSED_VARIABLE = YES;
				IPHONEOS_DEPLOYMENT_TARGET = 15.0;
				MTL_ENABLE_DEBUG_INFO = NO;
				MTL_FAST_MATH = YES;
				SDKROOT = iphoneos;
				SWIFT_COMPILATION_MODE = wholemodule;
				SWIFT_OPTIMIZATION_LEVEL = "-O";
				VALIDATE_PRODUCT = YES;
			};
			name = Release;
		};
		F4B6DE86291CFFFF00A8FEA9 /* Debug */ = {
			isa = XCBuildConfiguration;
			baseConfigurationReference = C2BD051AFDB6D8E90D49FFBC /* Pods-InstagramClone.debug.xcconfig */;
			buildSettings = {
				ASSETCATALOG_COMPILER_APPICON_NAME = AppIcon;
				ASSETCATALOG_COMPILER_GLOBAL_ACCENT_COLOR_NAME = AccentColor;
				CODE_SIGN_STYLE = Automatic;
				CURRENT_PROJECT_VERSION = 1;
				DEVELOPMENT_TEAM = BFTA9SX898;
				GENERATE_INFOPLIST_FILE = YES;
				INFOPLIST_FILE = InstagramClone/Info.plist;
				INFOPLIST_KEY_NSPhotoLibraryUsageDescription = "게시글을 올리시려면 사진에 대한 접근 권한을 허용해주세요";
				INFOPLIST_KEY_UIApplicationSupportsIndirectInputEvents = YES;
				INFOPLIST_KEY_UILaunchStoryboardName = LaunchScreen;
				INFOPLIST_KEY_UIMainStoryboardFile = Main;
				INFOPLIST_KEY_UISupportedInterfaceOrientations = UIInterfaceOrientationPortrait;
				LD_RUNPATH_SEARCH_PATHS = (
					"$(inherited)",
					"@executable_path/Frameworks",
				);
				MARKETING_VERSION = 1.0;
				PRODUCT_BUNDLE_IDENTIFIER = com.petmily.InstagramClon;
				PRODUCT_NAME = "$(TARGET_NAME)";
				SWIFT_EMIT_LOC_STRINGS = YES;
				SWIFT_VERSION = 5.0;
				TARGETED_DEVICE_FAMILY = "1,2";
			};
			name = Debug;
		};
		F4B6DE87291CFFFF00A8FEA9 /* Release */ = {
			isa = XCBuildConfiguration;
			baseConfigurationReference = 8AF635FECA680D0596C02A26 /* Pods-InstagramClone.release.xcconfig */;
			buildSettings = {
				ASSETCATALOG_COMPILER_APPICON_NAME = AppIcon;
				ASSETCATALOG_COMPILER_GLOBAL_ACCENT_COLOR_NAME = AccentColor;
				CODE_SIGN_STYLE = Automatic;
				CURRENT_PROJECT_VERSION = 1;
				DEVELOPMENT_TEAM = BFTA9SX898;
				GENERATE_INFOPLIST_FILE = YES;
				INFOPLIST_FILE = InstagramClone/Info.plist;
				INFOPLIST_KEY_NSPhotoLibraryUsageDescription = "게시글을 올리시려면 사진에 대한 접근 권한을 허용해주세요";
				INFOPLIST_KEY_UIApplicationSupportsIndirectInputEvents = YES;
				INFOPLIST_KEY_UILaunchStoryboardName = LaunchScreen;
				INFOPLIST_KEY_UIMainStoryboardFile = Main;
				INFOPLIST_KEY_UISupportedInterfaceOrientations = UIInterfaceOrientationPortrait;
				LD_RUNPATH_SEARCH_PATHS = (
					"$(inherited)",
					"@executable_path/Frameworks",
				);
				MARKETING_VERSION = 1.0;
				PRODUCT_BUNDLE_IDENTIFIER = com.petmily.InstagramClon;
				PRODUCT_NAME = "$(TARGET_NAME)";
				SWIFT_EMIT_LOC_STRINGS = YES;
				SWIFT_VERSION = 5.0;
				TARGETED_DEVICE_FAMILY = "1,2";
			};
			name = Release;
		};
/* End XCBuildConfiguration section */

/* Begin XCConfigurationList section */
		F4B6DE6C291CFFFD00A8FEA9 /* Build configuration list for PBXProject "InstagramClone" */ = {
			isa = XCConfigurationList;
			buildConfigurations = (
				F4B6DE83291CFFFF00A8FEA9 /* Debug */,
				F4B6DE84291CFFFF00A8FEA9 /* Release */,
			);
			defaultConfigurationIsVisible = 0;
			defaultConfigurationName = Release;
		};
		F4B6DE85291CFFFF00A8FEA9 /* Build configuration list for PBXNativeTarget "InstagramClone" */ = {
			isa = XCConfigurationList;
			buildConfigurations = (
				F4B6DE86291CFFFF00A8FEA9 /* Debug */,
				F4B6DE87291CFFFF00A8FEA9 /* Release */,
			);
			defaultConfigurationIsVisible = 0;
			defaultConfigurationName = Release;
		};
/* End XCConfigurationList section */
	};
	rootObject = F4B6DE69291CFFFD00A8FEA9 /* Project object */;
}
